<?xml version="1.0" encoding="utf-8"?>
<Project ToolsVersion="4.0" xmlns="http://schemas.microsoft.com/developer/msbuild/2003">
  <ItemGroup>
    <ClCompile Include="code\Bob.cpp">
      <Filter>Source Files</Filter>
    </ClCompile>
    <ClCompile Include="code\Bullet.cpp">
      <Filter>Source Files</Filter>
    </ClCompile>
    <ClCompile Include="code\DetectCollisions.cpp">
      <Filter>Source Files</Filter>
    </ClCompile>
    <ClCompile Include="code\Draw.cpp">
      <Filter>Source Files</Filter>
    </ClCompile>
    <ClCompile Include="code\Engine.cpp">
      <Filter>Source Files</Filter>
    </ClCompile>
    <ClCompile Include="code\HUD.cpp">
      <Filter>Source Files</Filter>
    </ClCompile>
    <ClCompile Include="code\Input.cpp">
      <Filter>Source Files</Filter>
    </ClCompile>
    <ClCompile Include="code\LevelManager.cpp">
      <Filter>Source Files</Filter>
    </ClCompile>
    <ClCompile Include="code\Main.cpp">
      <Filter>Source Files</Filter>
    </ClCompile>
    <ClCompile Include="code\Particle.cpp">
      <Filter>Source Files</Filter>
    </ClCompile>
    <ClCompile Include="code\ParticleSystem.cpp">
      <Filter>Source Files</Filter>
    </ClCompile>
    <ClCompile Include="code\LoadLevel.cpp">
      <Filter>Source Files</Filter>
    </ClCompile>
    <ClCompile Include="code\Pickup.cpp">
      <Filter>Source Files</Filter>
    </ClCompile>
    <ClCompile Include="code\PlayableCharacter.cpp">
      <Filter>Source Files</Filter>
    </ClCompile>
    <ClCompile Include="code\PopulateEmitters.cpp">
      <Filter>Source Files</Filter>
    </ClCompile>
    <ClCompile Include="code\SoundManager.cpp">
      <Filter>Source Files</Filter>
    </ClCompile>
    <ClCompile Include="code\TextureHolder.cpp">
      <Filter>Source Files</Filter>
    </ClCompile>
    <ClCompile Include="code\Thomas.cpp">
      <Filter>Source Files</Filter>
    </ClCompile>
    <ClCompile Include="code\Update.cpp">
      <Filter>Source Files</Filter>
    </ClCompile>
  </ItemGroup>
  <ItemGroup>
    <ClInclude Include="code\Bob.h">
      <Filter>Header Files</Filter>
    </ClInclude>
    <ClInclude Include="code\Bullet.h">
      <Filter>Header Files</Filter>
    </ClInclude>
    <ClInclude Include="code\Engine.h">
      <Filter>Header Files</Filter>
    </ClInclude>
    <ClInclude Include="code\HUD.h">
      <Filter>Header Files</Filter>
    </ClInclude>
    <ClInclude Include="code\LevelManager.h">
      <Filter>Header Files</Filter>
    </ClInclude>
    <ClInclude Include="code\Particle.h">
      <Filter>Header Files</Filter>
    </ClInclude>
    <ClInclude Include="code\ParticleSystem.h">
      <Filter>Header Files</Filter>
    </ClInclude>
    <ClInclude Include="code\Pickup.h">
      <Filter>Header Files</Filter>
    </ClInclude>
    <ClInclude Include="code\PlayableCharacter.h">
      <Filter>Header Files</Filter>
    </ClInclude>
    <ClInclude Include="code\SoundManager.h">
      <Filter>Header Files</Filter>
    </ClInclude>
    <ClInclude Include="code\Thomas.h">
      <Filter>Header Files</Filter>
    </ClInclude>
    <ClInclude Include="code\TextureHolder.h">
      <Filter>Header Files</Filter>
    </ClInclude>
  </ItemGroup>
  <ItemGroup>
    <None Include="ClassDiagram.cd" />
  </ItemGroup>
  <ItemGroup>
    <Filter Include="Header Files">
      <UniqueIdentifier>{06847c95-2238-4eb0-b557-dfc07420a1ad}</UniqueIdentifier>
    </Filter>
    <Filter Include="Source Files">
      <UniqueIdentifier>{70fa6cc9-de1c-4076-b050-b3a44f612425}</UniqueIdentifier>
    </Filter>
  </ItemGroup>
</Project>